// !$*UTF8*$!
{
	archiveVersion = 1;
	classes = {
	};
	objectVersion = 50;
	objects = {

/* Begin PBXBuildFile section */
		CEE2CD5E258DEFEF00CAA45D /* AppDelegate.swift in Sources */ = {isa = PBXBuildFile; fileRef = CEE2CD5D258DEFEF00CAA45D /* AppDelegate.swift */; };
		CEE2CD60258DEFEF00CAA45D /* SceneDelegate.swift in Sources */ = {isa = PBXBuildFile; fileRef = CEE2CD5F258DEFEF00CAA45D /* SceneDelegate.swift */; };
		CEE2CD62258DEFEF00CAA45D /* ViewController.swift in Sources */ = {isa = PBXBuildFile; fileRef = CEE2CD61258DEFEF00CAA45D /* ViewController.swift */; };
		CEE2CD65258DEFEF00CAA45D /* Main.storyboard in Resources */ = {isa = PBXBuildFile; fileRef = CEE2CD63258DEFEF00CAA45D /* Main.storyboard */; };
		CEE2CD67258DEFF400CAA45D /* Assets.xcassets in Resources */ = {isa = PBXBuildFile; fileRef = CEE2CD66258DEFF400CAA45D /* Assets.xcassets */; };
		CEE2CD6A258DEFF400CAA45D /* LaunchScreen.storyboard in Resources */ = {isa = PBXBuildFile; fileRef = CEE2CD68258DEFF400CAA45D /* LaunchScreen.storyboard */; };
/* End PBXBuildFile section */

/* Begin PBXFileReference section */
		CEE2CD5A258DEFEF00CAA45D /* ObjectModel1219.app */ = {isa = PBXFileReference; explicitFileType = wrapper.application; includeInIndex = 0; path = ObjectModel1219.app; sourceTree = BUILT_PRODUCTS_DIR; };
		CEE2CD5D258DEFEF00CAA45D /* AppDelegate.swift */ = {isa = PBXFileReference; lastKnownFileType = sourcecode.swift; path = AppDelegate.swift; sourceTree = "<group>"; };
		CEE2CD5F258DEFEF00CAA45D /* SceneDelegate.swift */ = {isa = PBXFileReference; lastKnownFileType = sourcecode.swift; path = SceneDelegate.swift; sourceTree = "<group>"; };
		CEE2CD61258DEFEF00CAA45D /* ViewController.swift */ = {isa = PBXFileReference; lastKnownFileType = sourcecode.swift; path = ViewController.swift; sourceTree = "<group>"; };
		CEE2CD64258DEFEF00CAA45D /* Base */ = {isa = PBXFileReference; lastKnownFileType = file.storyboard; name = Base; path = Base.lproj/Main.storyboard; sourceTree = "<group>"; };
		CEE2CD66258DEFF400CAA45D /* Assets.xcassets */ = {isa = PBXFileReference; lastKnownFileType = folder.assetcatalog; path = Assets.xcassets; sourceTree = "<group>"; };
		CEE2CD69258DEFF400CAA45D /* Base */ = {isa = PBXFileReference; lastKnownFileType = file.storyboard; name = Base; path = Base.lproj/LaunchScreen.storyboard; sourceTree = "<group>"; };
		CEE2CD6B258DEFF400CAA45D /* Info.plist */ = {isa = PBXFileReference; lastKnownFileType = text.plist.xml; path = Info.plist; sourceTree = "<group>"; };
/* End PBXFileReference section */

/* Begin PBXFrameworksBuildPhase section */
		CEE2CD57258DEFEF00CAA45D /* Frameworks */ = {
			isa = PBXFrameworksBuildPhase;
			buildActionMask = 2147483647;
			files = (
			);
			runOnlyForDeploymentPostprocessing = 0;
		};
/* End PBXFrameworksBuildPhase section */

/* Begin PBXGroup section */
		CEE2CD51258DEFEE00CAA45D = {
			isa = PBXGroup;
			children = (
				CEE2CD5C258DEFEF00CAA45D /* ObjectModel1219 */,
				CEE2CD5B258DEFEF00CAA45D /* Products */,
			);
			sourceTree = "<group>";
		};
		CEE2CD5B258DEFEF00CAA45D /* Products */ = {
			isa = PBXGroup;
			children = (
				CEE2CD5A258DEFEF00CAA45D /* ObjectModel1219.app */,
			);
			name = Products;
			sourceTree = "<group>";
		};
		CEE2CD5C258DEFEF00CAA45D /* ObjectModel1219 */ = {
			isa = PBXGroup;
			children = (
				CEE2CD5D258DEFEF00CAA45D /* AppDelegate.swift */,
				CEE2CD5F258DEFEF00CAA45D /* SceneDelegate.swift */,
				CEE2CD61258DEFEF00CAA45D /* ViewController.swift */,
				CEE2CD63258DEFEF00CAA45D /* Main.storyboard */,
				CEE2CD66258DEFF400CAA45D /* Assets.xcassets */,
				CEE2CD68258DEFF400CAA45D /* LaunchScreen.storyboard */,
				CEE2CD6B258DEFF400CAA45D /* Info.plist */,
			);
			path = ObjectModel1219;
			sourceTree = "<group>";
		};
/* End PBXGroup section */

/* Begin PBXNativeTarget section */
		CEE2CD59258DEFEF00CAA45D /* ObjectModel1219 */ = {
			isa = PBXNativeTarget;
			buildConfigurationList = CEE2CD6E258DEFF400CAA45D /* Build configuration list for PBXNativeTarget "ObjectModel1219" */;
			buildPhases = (
				CEE2CD56258DEFEF00CAA45D /* Sources */,
				CEE2CD57258DEFEF00CAA45D /* Frameworks */,
				CEE2CD58258DEFEF00CAA45D /* Resources */,
			);
			buildRules = (
			);
			dependencies = (
			);
			name = ObjectModel1219;
			productName = ObjectModel1219;
			productReference = CEE2CD5A258DEFEF00CAA45D /* ObjectModel1219.app */;
			productType = "com.apple.product-type.application";
		};
/* End PBXNativeTarget section */

/* Begin PBXProject section */
		CEE2CD52258DEFEE00CAA45D /* Project object */ = {
			isa = PBXProject;
			attributes = {
				LastSwiftUpdateCheck = 1200;
				LastUpgradeCheck = 1200;
				TargetAttributes = {
					CEE2CD59258DEFEF00CAA45D = {
						CreatedOnToolsVersion = 12.0.1;
					};
				};
			};
			buildConfigurationList = CEE2CD55258DEFEE00CAA45D /* Build configuration list for PBXProject "ObjectModel1219" */;
			compatibilityVersion = "Xcode 9.3";
			developmentRegion = en;
			hasScannedForEncodings = 0;
			knownRegions = (
				en,
				Base,
			);
			mainGroup = CEE2CD51258DEFEE00CAA45D;
			productRefGroup = CEE2CD5B258DEFEF00CAA45D /* Products */;
			projectDirPath = "";
			projectRoot = "";
			targets = (
				CEE2CD59258DEFEF00CAA45D /* ObjectModel1219 */,
			);
		};
/* End PBXProject section */

/* Begin PBXResourcesBuildPhase section */
		CEE2CD58258DEFEF00CAA45D /* Resources */ = {
			isa = PBXResourcesBuildPhase;
			buildActionMask = 2147483647;
			files = (
				CEE2CD6A258DEFF400CAA45D /* LaunchScreen.storyboard in Resources */,
				CEE2CD67258DEFF400CAA45D /* Assets.xcassets in Resources */,
				CEE2CD65258DEFEF00CAA45D /* Main.storyboard in Resources */,
			);
			runOnlyForDeploymentPostprocessing = 0;
		};
/* End PBXResourcesBuildPhase section */

/* Begin PBXSourcesBuildPhase section */
		CEE2CD56258DEFEF00CAA45D /* Sources */ = {
			isa = PBXSourcesBuildPhase;
			buildActionMask = 2147483647;
			files = (
				CEE2CD62258DEFEF00CAA45D /* ViewController.swift in Sources */,
				CEE2CD5E258DEFEF00CAA45D /* AppDelegate.swift in Sources */,
				CEE2CD60258DEFEF00CAA45D /* SceneDelegate.swift in Sources */,
			);
			runOnlyForDeploymentPostprocessing = 0;
		};
/* End PBXSourcesBuildPhase section */

/* Begin PBXVariantGroup section */
		CEE2CD63258DEFEF00CAA45D /* Main.storyboard */ = {
			isa = PBXVariantGroup;
			children = (
				CEE2CD64258DEFEF00CAA45D /* Base */,
			);
			name = Main.storyboard;
			sourceTree = "<group>";
		};
		CEE2CD68258DEFF400CAA45D /* LaunchScreen.storyboard */ = {
			isa = PBXVariantGroup;
			children = (
				CEE2CD69258DEFF400CAA45D /* Base */,
			);
			name = LaunchScreen.storyboard;
			sourceTree = "<group>";
		};
/* End PBXVariantGroup section */

/* Begin XCBuildConfiguration section */
		CEE2CD6C258DEFF400CAA45D /* Debug */ = {
			isa = XCBuildConfiguration;
			buildSettings = {
				ALWAYS_SEARCH_USER_PATHS = NO;
				CLANG_ANALYZER_NONNULL = YES;
				CLANG_ANALYZER_NUMBER_OBJECT_CONVERSION = YES_AGGRESSIVE;
				CLANG_CXX_LANGUAGE_STANDARD = "gnu++14";
				CLANG_CXX_LIBRARY = "libc++";
				CLANG_ENABLE_MODULES = YES;
				CLANG_ENABLE_OBJC_ARC = YES;
				CLANG_ENABLE_OBJC_WEAK = YES;
				CLANG_WARN_BLOCK_CAPTURE_AUTORELEASING = YES;
				CLANG_WARN_BOOL_CONVERSION = YES;
				CLANG_WARN_COMMA = YES;
				CLANG_WARN_CONSTANT_CONVERSION = YES;
				CLANG_WARN_DEPRECATED_OBJC_IMPLEMENTATIONS = YES;
				CLANG_WARN_DIRECT_OBJC_ISA_USAGE = YES_ERROR;
				CLANG_WARN_DOCUMENTATION_COMMENTS = YES;
				CLANG_WARN_EMPTY_BODY = YES;
				CLANG_WARN_ENUM_CONVERSION = YES;
				CLANG_WARN_INFINITE_RECURSION = YES;
				CLANG_WARN_INT_CONVERSION = YES;
				CLANG_WARN_NON_LITERAL_NULL_CONVERSION = YES;
				CLANG_WARN_OBJC_IMPLICIT_RETAIN_SELF = YES;
				CLANG_WARN_OBJC_LITERAL_CONVERSION = YES;
				CLANG_WARN_OBJC_ROOT_CLASS = YES_ERROR;
				CLANG_WARN_QUOTED_INCLUDE_IN_FRAMEWORK_HEADER = YES;
				CLANG_WARN_RANGE_LOOP_ANALYSIS = YES;
				CLANG_WARN_STRICT_PROTOTYPES = YES;
				CLANG_WARN_SUSPICIOUS_MOVE = YES;
				CLANG_WARN_UNGUARDED_AVAILABILITY = YES_AGGRESSIVE;
				CLANG_WARN_UNREACHABLE_CODE = YES;
				CLANG_WARN__DUPLICATE_METHOD_MATCH = YES;
				COPY_PHASE_STRIP = NO;
				DEBUG_INFORMATION_FORMAT = dwarf;
				ENABLE_STRICT_OBJC_MSGSEND = YES;
				ENABLE_TESTABILITY = YES;
				GCC_C_LANGUAGE_STANDARD = gnu11;
				GCC_DYNAMIC_NO_PIC = NO;
				GCC_NO_COMMON_BLOCKS = YES;
				GCC_OPTIMIZATION_LEVEL = 0;
				GCC_PREPROCESSOR_DEFINITIONS = (
					"DEBUG=1",
					"$(inherited)",
				);
				GCC_WARN_64_TO_32_BIT_CONVERSION = YES;
				GCC_WARN_ABOUT_RETURN_TYPE = YES_ERROR;
				GCC_WARN_UNDECLARED_SELECTOR = YES;
				GCC_WARN_UNINITIALIZED_AUTOS = YES_AGGRESSIVE;
				GCC_WARN_UNUSED_FUNCTION = YES;
				GCC_WARN_UNUSED_VARIABLE = YES;
				IPHONEOS_DEPLOYMENT_TARGET = 14.0;
				MTL_ENABLE_DEBUG_INFO = INCLUDE_SOURCE;
				MTL_FAST_MATH = YES;
				ONLY_ACTIVE_ARCH = YES;
				SDKROOT = iphoneos;
				SWIFT_ACTIVE_COMPILATION_CONDITIONS = DEBUG;
				SWIFT_OPTIMIZATION_LEVEL = "-Onone";
			};
			name = Debug;
		};
		CEE2CD6D258DEFF400CAA45D /* Release */ = {
			isa = XCBuildConfiguration;
			buildSettings = {
				ALWAYS_SEARCH_USER_PATHS = NO;
				CLANG_ANALYZER_NONNULL = YES;
				CLANG_ANALYZER_NUMBER_OBJECT_CONVERSION = YES_AGGRESSIVE;
				CLANG_CXX_LANGUAGE_STANDARD = "gnu++14";
				CLANG_CXX_LIBRARY = "libc++";
				CLANG_ENABLE_MODULES = YES;
				CLANG_ENABLE_OBJC_ARC = YES;
				CLANG_ENABLE_OBJC_WEAK = YES;
				CLANG_WARN_BLOCK_CAPTURE_AUTORELEASING = YES;
				CLANG_WARN_BOOL_CONVERSION = YES;
				CLANG_WARN_COMMA = YES;
				CLANG_WARN_CONSTANT_CONVERSION = YES;
				CLANG_WARN_DEPRECATED_OBJC_IMPLEMENTATIONS = YES;
				CLANG_WARN_DIRECT_OBJC_ISA_USAGE = YES_ERROR;
				CLANG_WARN_DOCUMENTATION_COMMENTS = YES;
				CLANG_WARN_EMPTY_BODY = YES;
				CLANG_WARN_ENUM_CONVERSION = YES;
				CLANG_WARN_INFINITE_RECURSION = YES;
				CLANG_WARN_INT_CONVERSION = YES;
				CLANG_WARN_NON_LITERAL_NULL_CONVERSION = YES;
				CLANG_WARN_OBJC_IMPLICIT_RETAIN_SELF = YES;
				CLANG_WARN_OBJC_LITERAL_CONVERSION = YES;
				CLANG_WARN_OBJC_ROOT_CLASS = YES_ERROR;
				CLANG_WARN_QUOTED_INCLUDE_IN_FRAMEWORK_HEADER = YES;
				CLANG_WARN_RANGE_LOOP_ANALYSIS = YES;
				CLANG_WARN_STRICT_PROTOTYPES = YES;
				CLANG_WARN_SUSPICIOUS_MOVE = YES;
				CLANG_WARN_UNGUARDED_AVAILABILITY = YES_AGGRESSIVE;
				CLANG_WARN_UNREACHABLE_CODE = YES;
				CLANG_WARN__DUPLICATE_METHOD_MATCH = YES;
				COPY_PHASE_STRIP = NO;
				DEBUG_INFORMATION_FORMAT = "dwarf-with-dsym";
				ENABLE_NS_ASSERTIONS = NO;
				ENABLE_STRICT_OBJC_MSGSEND = YES;
				GCC_C_LANGUAGE_STANDARD = gnu11;
				GCC_NO_COMMON_BLOCKS = YES;
				GCC_WARN_64_TO_32_BIT_CONVERSION = YES;
				GCC_WARN_ABOUT_RETURN_TYPE = YES_ERROR;
				GCC_WARN_UNDECLARED_SELECTOR = YES;
				GCC_WARN_UNINITIALIZED_AUTOS = YES_AGGRESSIVE;
				GCC_WARN_UNUSED_FUNCTION = YES;
				GCC_WARN_UNUSED_VARIABLE = YES;
				IPHONEOS_DEPLOYMENT_TARGET = 14.0;
				MTL_ENABLE_DEBUG_INFO = NO;
				MTL_FAST_MATH = YES;
				SDKROOT = iphoneos;
				SWIFT_COMPILATION_MODE = wholemodule;
				SWIFT_OPTIMIZATION_LEVEL = "-O";
				VALIDATE_PRODUCT = YES;
			};
			name = Release;
		};
		CEE2CD6F258DEFF400CAA45D /* Debug */ = {
			isa = XCBuildConfiguration;
			buildSettings = {
				ASSETCATALOG_COMPILER_APPICON_NAME = AppIcon;
				ASSETCATALOG_COMPILER_GLOBAL_ACCENT_COLOR_NAME = AccentColor;
				CODE_SIGN_STYLE = Automatic;
				DEVELOPMENT_TEAM = PDY29GF949;
				INFOPLIST_FILE = ObjectModel1219/Info.plist;
				LD_RUNPATH_SEARCH_PATHS = (
					"$(inherited)",
					"@executable_path/Frameworks",
				);
				PRODUCT_BUNDLE_IDENTIFIER = com.gmail.appl.leslie.ObjectModel1219;
				PRODUCT_NAME = "$(TARGET_NAME)";
				SWIFT_VERSION = 5.0;
				TARGETED_DEVICE_FAMILY = "1,2";
			};
			name = Debug;
		};
		CEE2CD70258DEFF400CAA45D /* Release */ = {
			isa = XCBuildConfiguration;
			buildSettings = {
				ASSETCATALOG_COMPILER_APPICON_NAME = AppIcon;
				ASSETCATALOG_COMPILER_GLOBAL_ACCENT_COLOR_NAME = AccentColor;
				CODE_SIGN_STYLE = Automatic;
				DEVELOPMENT_TEAM = PDY29GF949;
				INFOPLIST_FILE = ObjectModel1219/Info.plist;
				LD_RUNPATH_SEARCH_PATHS = (
					"$(inherited)",
					"@executable_path/Frameworks",
				);
				PRODUCT_BUNDLE_IDENTIFIER = com.gmail.appl.leslie.ObjectModel1219;
				PRODUCT_NAME = "$(TARGET_NAME)";
				SWIFT_VERSION = 5.0;
				TARGETED_DEVICE_FAMILY = "1,2";
			};
			name = Release;
		};
/* End XCBuildConfiguration section */

/* Begin XCConfigurationList section */
		CEE2CD55258DEFEE00CAA45D /* Build configuration list for PBXProject "ObjectModel1219" */ = {
			isa = XCConfigurationList;
			buildConfigurations = (
				CEE2CD6C258DEFF400CAA45D /* Debug */,
				CEE2CD6D258DEFF400CAA45D /* Release */,
			);
			defaultConfigurationIsVisible = 0;
			defaultConfigurationName = Release;
		};
		CEE2CD6E258DEFF400CAA45D /* Build configuration list for PBXNativeTarget "ObjectModel1219" */ = {
			isa = XCConfigurationList;
			buildConfigurations = (
				CEE2CD6F258DEFF400CAA45D /* Debug */,
				CEE2CD70258DEFF400CAA45D /* Release */,
			);
			defaultConfigurationIsVisible = 0;
			defaultConfigurationName = Release;
		};
/* End XCConfigurationList section */
	};
	rootObject = CEE2CD52258DEFEE00CAA45D /* Project object */;
}
